
Microsoft Visual Studio Solution File, Format Version 12.00
# Visual Studio Version 17
VisualStudioVersion = 17.4.33205.214
MinimumVisualStudioVersion = 10.0.40219.1
Project("{FAE04EC0-301F-11D3-BF4B-00C04F79EFBC}") = "WinFormsOneInstance", "WinFormsOneInstance\WinFormsOneInstance.csproj", "{C51EE0C9-C92C-40BD-AA32-8843E95043EC}"
EndProject
Global
	GlobalSection(SolutionConfigurationPlatforms) = preSolution
		Debug|Any CPU = Debug|Any CPU
		Release|Any CPU = Release|Any CPU
	EndGlobalSection
	GlobalSection(ProjectConfigurationPlatforms) = postSolution
		{C51EE0C9-C92C-40BD-AA32-8843E95043EC}.Debug|Any CPU.ActiveCfg = Debug|Any CPU
		{C51EE0C9-C92C-40BD-AA32-8843E95043EC}.Debug|Any CPU.Build.0 = Debug|Any CPU
		{C51EE0C9-C92C-40BD-AA32-8843E95043EC}.Release|Any CPU.ActiveCfg = Release|Any CPU
		{C51EE0C9-C92C-40BD-AA32-8843E95043EC}.Release|Any CPU.Build.0 = Release|Any CPU
	EndGlobalSection
	GlobalSection(SolutionProperties) = preSolution
		HideSolutionNode = FALSE
	EndGlobalSection
	GlobalSection(ExtensibilityGlobals) = postSolution
		SolutionGuid = {859BE37D-D5DE-4D95-B9FC-C453AA9604AD}
	EndGlobalSection
EndGlobal
